PODS:
  - FlutterMacOS (1.0.0)
  - lifeos_native (0.0.1):
    - FlutterMacOS

DEPENDENCIES:
  - FlutterMacOS (from `Flutter/ephemeral`)
  - lifeos_native (from `Flutter/ephemeral/.symlinks/plugins/lifeos_native/macos`)

EXTERNAL SOURCES:
  FlutterMacOS:
    :path: Flutter/ephemeral
  lifeos_native:
    :path: Flutter/ephemeral/.symlinks/plugins/lifeos_native/macos

SPEC CHECKSUMS:
  FlutterMacOS: d0db08ddef1a9af05a5ec4b724367152bb0500b1
  lifeos_native: 7bd634264e01c4d815580768fbec94c09b232f38

PODFILE CHECKSUM: 54d867c82ac51cbd61b565781b9fada492027009

COCOAPODS: 1.16.2
